PODS:
  - Alamofire (5.6.4)
  - KeychainSwift (20.0.0)
  - PanModal (1.2.7)
  - SDWebImage (5.18.3):
    - SDWebImage/Core (= 5.18.3)
  - SDWebImage/Core (5.18.3)
  - SnapKit (5.6.0)

DEPENDENCIES:
  - Alamofire
  - KeychainSwift
  - PanModal
  - SDWebImage
  - SnapKit

SPEC REPOS:
  trunk:
    - Alamofire
    - KeychainSwift
    - PanModal
    - SDWebImage
    - SnapKit

SPEC CHECKSUMS:
  Alamofire: 4e95d97098eacb88856099c4fc79b526a299e48c
  KeychainSwift: 0ce6a4d13f7228054d1a71bb1b500448fb2ab837
  PanModal: 3e16ead1a907fb06f4df3f13492fd00149fa4974
  SDWebImage: 96e0c18ef14010b7485210e92fac888587ebb958
  SnapKit: e01d52ebb8ddbc333eefe2132acf85c8227d9c25

PODFILE CHECKSUM: ac28fdb2856f5212aac89c72a54ec9b34acb6b50

COCOAPODS: 1.12.0
